
Microsoft Visual Studio Solution File, Format Version 12.00
# Visual Studio Version 16
VisualStudioVersion = 16.0.31112.23
MinimumVisualStudioVersion = 10.0.40219.1
Project("{FAE04EC0-301F-11D3-BF4B-00C04F79EFBC}") = "MemoryGame", "MemoryGame\MemoryGame.csproj", "{ACA4FF7D-3F5F-4084-9FF4-DD6D9892AD7A}"
EndProject
Global
	GlobalSection(SolutionConfigurationPlatforms) = preSolution
		Debug|Any CPU = Debug|Any CPU
		Release|Any CPU = Release|Any CPU
	EndGlobalSection
	GlobalSection(ProjectConfigurationPlatforms) = postSolution
		{ACA4FF7D-3F5F-4084-9FF4-DD6D9892AD7A}.Debug|Any CPU.ActiveCfg = Debug|Any CPU
		{ACA4FF7D-3F5F-4084-9FF4-DD6D9892AD7A}.Debug|Any CPU.Build.0 = Debug|Any CPU
		{ACA4FF7D-3F5F-4084-9FF4-DD6D9892AD7A}.Release|Any CPU.ActiveCfg = Release|Any CPU
		{ACA4FF7D-3F5F-4084-9FF4-DD6D9892AD7A}.Release|Any CPU.Build.0 = Release|Any CPU
	EndGlobalSection
	GlobalSection(SolutionProperties) = preSolution
		HideSolutionNode = FALSE
	EndGlobalSection
	GlobalSection(ExtensibilityGlobals) = postSolution
		SolutionGuid = {EFC4AA2F-6016-4A49-8824-DA68AF26A9DD}
	EndGlobalSection
EndGlobal
